
Microsoft Visual Studio Solution File, Format Version 12.00
# Visual Studio Version 16
VisualStudioVersion = 16.0.30717.126
MinimumVisualStudioVersion = 10.0.40219.1
Project("{2150E333-8FDC-42A3-9474-1A3956D46DE8}") = "1-Camada de Apresentacao", "1-Camada de Apresentacao", "{29E2883B-EDC8-4FF8-8B9B-8F412215DC6B}"
EndProject
Project("{2150E333-8FDC-42A3-9474-1A3956D46DE8}") = "2-Camada de acesso a dados", "2-Camada de acesso a dados", "{01110181-8FCA-4C84-A745-396276329981}"
EndProject
Project("{FAE04EC0-301F-11D3-BF4B-00C04F79EFBC}") = "Project.Presentation", "Project.Presentation\Project.Presentation.csproj", "{B2FFA01E-5FD6-46BA-B8CF-A9CCB082CAA9}"
EndProject
Project("{FAE04EC0-301F-11D3-BF4B-00C04F79EFBC}") = "Project.DAL", "Project.DAL\Project.DAL.csproj", "{CB1C30FF-F20E-474A-BD33-D78C89BCA199}"
EndProject
Global
	GlobalSection(SolutionConfigurationPlatforms) = preSolution
		Debug|Any CPU = Debug|Any CPU
		Release|Any CPU = Release|Any CPU
	EndGlobalSection
	GlobalSection(ProjectConfigurationPlatforms) = postSolution
		{B2FFA01E-5FD6-46BA-B8CF-A9CCB082CAA9}.Debug|Any CPU.ActiveCfg = Debug|Any CPU
		{B2FFA01E-5FD6-46BA-B8CF-A9CCB082CAA9}.Debug|Any CPU.Build.0 = Debug|Any CPU
		{B2FFA01E-5FD6-46BA-B8CF-A9CCB082CAA9}.Release|Any CPU.ActiveCfg = Release|Any CPU
		{B2FFA01E-5FD6-46BA-B8CF-A9CCB082CAA9}.Release|Any CPU.Build.0 = Release|Any CPU
		{CB1C30FF-F20E-474A-BD33-D78C89BCA199}.Debug|Any CPU.ActiveCfg = Debug|Any CPU
		{CB1C30FF-F20E-474A-BD33-D78C89BCA199}.Debug|Any CPU.Build.0 = Debug|Any CPU
		{CB1C30FF-F20E-474A-BD33-D78C89BCA199}.Release|Any CPU.ActiveCfg = Release|Any CPU
		{CB1C30FF-F20E-474A-BD33-D78C89BCA199}.Release|Any CPU.Build.0 = Release|Any CPU
	EndGlobalSection
	GlobalSection(SolutionProperties) = preSolution
		HideSolutionNode = FALSE
	EndGlobalSection
	GlobalSection(NestedProjects) = preSolution
		{B2FFA01E-5FD6-46BA-B8CF-A9CCB082CAA9} = {29E2883B-EDC8-4FF8-8B9B-8F412215DC6B}
		{CB1C30FF-F20E-474A-BD33-D78C89BCA199} = {01110181-8FCA-4C84-A745-396276329981}
	EndGlobalSection
	GlobalSection(ExtensibilityGlobals) = postSolution
		SolutionGuid = {9B72BE4A-780C-4E52-95EC-7A187B70FD93}
	EndGlobalSection
EndGlobal
